
Microsoft Visual Studio Solution File, Format Version 12.00
# Visual Studio 15
VisualStudioVersion = 15.0.28307.271
MinimumVisualStudioVersion = 10.0.40219.1
Project("{FAE04EC0-301F-11D3-BF4B-00C04F79EFBC}") = "MVCFirstApp", "MVCFirstApp\MVCFirstApp.csproj", "{12A791C1-F041-4676-A307-E417675E580C}"
EndProject
Global
	GlobalSection(SolutionConfigurationPlatforms) = preSolution
		Debug|Any CPU = Debug|Any CPU
		Release|Any CPU = Release|Any CPU
	EndGlobalSection
	GlobalSection(ProjectConfigurationPlatforms) = postSolution
		{12A791C1-F041-4676-A307-E417675E580C}.Debug|Any CPU.ActiveCfg = Debug|Any CPU
		{12A791C1-F041-4676-A307-E417675E580C}.Debug|Any CPU.Build.0 = Debug|Any CPU
		{12A791C1-F041-4676-A307-E417675E580C}.Release|Any CPU.ActiveCfg = Release|Any CPU
		{12A791C1-F041-4676-A307-E417675E580C}.Release|Any CPU.Build.0 = Release|Any CPU
	EndGlobalSection
	GlobalSection(SolutionProperties) = preSolution
		HideSolutionNode = FALSE
	EndGlobalSection
	GlobalSection(ExtensibilityGlobals) = postSolution
		SolutionGuid = {3A689F77-3872-4B77-ADA6-58FAECD79E93}
	EndGlobalSection
EndGlobal
